{
  "name": "@coreui/coreui-free-react-admin-template",
  "version": "2.0.9",
  "lockfileVersion": 1,
  "requires": true,
  "dependencies": {
    "@coreui/coreui": {
      "version": "2.0.6",
      "resolved": "https://registry.npmjs.org/@coreui/coreui/-/coreui-2.0.6.tgz",
      "integrity": "sha512-NIQ3xYYLWY9KVv7hSvzlESl0PXCxNrkjo+sxBLyC8E6ftXhXdzxl6jy2sW82kZoHvHoFrGircSxtK6IlX+X63g=="
    },
    "@coreui/coreui-plugin-chartjs-custom-tooltips": {
      "version": "1.2.0",
      "resolved": "https://registry.npmjs.org/@coreui/coreui-plugin-chartjs-custom-tooltips/-/coreui-plugin-chartjs-custom-tooltips-1.2.0.tgz",
      "integrity": "sha512-+dCytUJQ4xlMqlLoA9oOTCoxWEJSX9Kv+bCxSFJNqR1PvYzcpXGu/B6AO38GgLfanK0KDKe+uhf1jod7agsMJA=="
    },
    "@coreui/icons": {
      "version": "0.3.0",
      "resolved": "https://registry.npmjs.org/@coreui/icons/-/icons-0.3.0.tgz",
      "integrity": "sha512-RbBi5K5hUA8LUI9mM/i1BTaLjlyoS6kHwKbxWsH62+/j9L9WF8gAiJUhrNjMt1br8TY9RLeolyQys0E9480fIg=="
    },
    "@coreui/react": {
      "version": "2.0.5",
      "resolved": "https://registry.npmjs.org/@coreui/react/-/react-2.0.5.tgz",
      "integrity": "sha512-5JA8LZhF7keXf4hCThkou4BcFUXqxXIoS3fVoi+hlXcWWAkG02n5l4Mr6WgyxHBGrdd+RVjACdoRa1ybOb4yLg==",
      "dependencies": {
        "@coreui/icons": {
          "version": "0.2.0",
          "resolved": "https://registry.npmjs.org/@coreui/icons/-/icons-0.2.0.tgz",
          "integrity": "sha512-FPpi7tagGA3xGGGjYOMBUoLVjqNinrPOsM+AjpYiYW9jrAeuY+eZfToEPyGvdbIFgGBsi7qwpUfwmDR8KcGwow=="
        }
      }
    },
    "axios": {
      "version": "0.18.0",
      "resolved": "http://registry.npmjs.org/axios/-/axios-0.18.0.tgz",
      "integrity": "sha1-MtU+SFHv3AoRmTts0AB4nXDAUQI="
    },
    "babel-jest": {
      "version": "23.6.0",
      "resolved": "https://registry.npmjs.org/babel-jest/-/babel-jest-23.6.0.tgz",
      "integrity": "sha512-lqKGG6LYXYu+DQh/slrQ8nxXQkEkhugdXsU6St7GmhVS7Ilc/22ArwqXNJrf0QaOBjZB0360qZMwXqDYQHXaew==",
      "dev": true
    },
    "bootstrap": {
      "version": "4.1.3",
      "resolved": "https://registry.npmjs.org/bootstrap/-/bootstrap-4.1.3.tgz",
      "integrity": "sha512-rDFIzgXcof0jDyjNosjv4Sno77X4KuPeFxG2XZZv1/Kc8DRVGVADdoQyyOVDwPqL36DDmtCQbrpMCqvpPLJQ0w=="
    },
    "chart.js": {
      "version": "2.9.4",
      "resolved": "https://registry.npmjs.org/chart.js/-/chart.js-2.9.4.tgz",
      "integrity": "sha512-B07aAzxcrikjAPyV+01j7BmOpxtQETxTSlQ26BEYJ+3iUkbNKaOJ/nDbT6JjyqYxseM0ON12COHYdU2cTIjC7A==",
      "requires": {
        "chartjs-color": "^2.1.0",
        "moment": "^2.10.2"
      }
    },
    "chartjs-color": {
      "version": "2.2.0",
      "resolved": "https://registry.npmjs.org/chartjs-color/-/chartjs-color-2.2.0.tgz",
      "integrity": "sha1-hKL7dVeH7YXDndbdjHsdiEKbrq4="
    },
    "classnames": {
      "version": "2.2.6",
      "resolved": "https://registry.npmjs.org/classnames/-/classnames-2.2.6.tgz",
      "integrity": "sha512-JR/iSQOSt+LQIWwrwEzJ9uk0xfN3mTVYMwt1Ir5mUcSN6pU+V4zQFFaJsclJbPuAUQH+yfWef6tm7l1quW3C8Q=="
    },
    "core-js": {
      "version": "2.5.7",
      "resolved": "https://registry.npmjs.org/core-js/-/core-js-2.5.7.tgz",
      "integrity": "sha512-RszJCAxg/PP6uzXVXL6BsxSXx/B05oJAQ2vkJRjyjrEcNVycaqOmNb5OTxZPE3xa5gwZduqza6L9JOCenh/Ecw=="
    },
    "enzyme": {
      "version": "3.6.0",
      "resolved": "https://registry.npmjs.org/enzyme/-/enzyme-3.6.0.tgz",
      "integrity": "sha512-onsINzVLGqKIapTVfWkkw6bYvm1o4CyJ9s8POExtQhAkVa4qFDW6DGCQGRy/5bfZYk+gmUbMNyayXiWDzTkHFQ=="
    },
    "enzyme-adapter-react-16": {
      "version": "1.5.0",
      "resolved": "https://registry.npmjs.org/enzyme-adapter-react-16/-/enzyme-adapter-react-16-1.5.0.tgz",
      "integrity": "sha512-R2LcVvMB2UwPH763d5jDtVedAIcEj+uZjOnq0nd1sOUs6z8TDbyHDvt8VwfrS4wMt7CawoyPmH0XzC8MtEqqDw=="
    },
    "flag-icon-css": {
      "version": "3.0.0",
      "resolved": "https://registry.npmjs.org/flag-icon-css/-/flag-icon-css-3.0.0.tgz",
      "integrity": "sha512-Dy5xpXT2wKIx7oxTuimedeNymmCAFf1Tnq4ec9o3wxTBD9qESVMYti2SBLh4XMiKZzlTIy+msEtOfa/e5Na5iQ=="
    },
    "font-awesome": {
      "version": "4.7.0",
      "resolved": "https://registry.npmjs.org/font-awesome/-/font-awesome-4.7.0.tgz",
      "integrity": "sha1-j6jPBBGhoxr9B7BtKQK7n8gVoTM="
    },
    "form-data": {
      "version": "2.5.1",
      "resolved": "https://registry.npmjs.org/form-data/-/form-data-2.5.1.tgz",
      "integrity": "sha512-m21N3WOmEEURgk6B9GLOE4RuWOFf28Lhh9qGYeNlGq4VDXUlJy2th2slBNU8Gp8EzloYZOibZJ7t5ecIrFSjVA=="
    },
    "moment": {
      "version": "2.22.2",
      "resolved": "https://registry.npmjs.org/moment/-/moment-2.22.2.tgz",
      "integrity": "sha1-PCV/mDn8DpP/UxSWMiOeuQeD/2Y="
    },
    "node-sass-chokidar": {
      "version": "1.3.3",
      "resolved": "https://registry.npmjs.org/node-sass-chokidar/-/node-sass-chokidar-1.3.3.tgz",
      "integrity": "sha512-Y8G/5orw1IJzkhzuKQG9K0i6/InbV5AF/6Jvk23rPFTWcJobG7Bp0bobQC05uRFv1yGdBexakKt+GHfDtuVEvw==",
      "dev": true
    },
    "npm-run-all": {
      "version": "4.1.3",
      "resolved": "https://registry.npmjs.org/npm-run-all/-/npm-run-all-4.1.3.tgz",
      "integrity": "sha512-aOG0N3Eo/WW+q6sUIdzcV2COS8VnTZCmdji0VQIAZF3b+a3YWb0AD0vFIyjKec18A7beLGbaQ5jFTNI2bPt9Cg==",
      "dev": true,
      "dependencies": {
        "ansi-styles": {
          "version": "3.2.1",
          "resolved": "https://registry.npmjs.org/ansi-styles/-/ansi-styles-3.2.1.tgz",
          "integrity": "sha512-VT0ZI6kZRdTh8YyJw3SMbYm/u+NqfsAxEpWO0Pf9sq8/e94WxxOpPKx9FR1FlyCtOVDNOQ+8ntlqFxiRc+r5qA=="
        },
        "chalk": {
          "version": "2.4.1",
          "resolved": "https://registry.npmjs.org/chalk/-/chalk-2.4.1.tgz",
          "integrity": "sha512-ObN6h1v2fTJSmUXoS3nMQ92LbDK9be4TV+6G+omQlGJFdcUX5heKi1LZ1YnRMIgwTLEj3E24bT6tYni50rlCfQ=="
        },
        "color-convert": {
          "version": "1.9.3",
          "resolved": "https://registry.npmjs.org/color-convert/-/color-convert-1.9.3.tgz",
          "integrity": "sha512-QfAUtd+vFdAtFQcC8CCyYt1fYWxSqAiK2cSD6zDB8N3cpsEBAvRxp9zOGg6G/SHHJYAT88/az/IuDGALsNVbGg=="
        },
        "cross-spawn": {
          "version": "6.0.5",
          "resolved": "https://registry.npmjs.org/cross-spawn/-/cross-spawn-6.0.5.tgz",
          "integrity": "sha512-eTVLrBSt7fjbDygz805pMnstIs2VTBNkRm0qxZd+M7A5XDdxVRWO5MxGBXZhjY4cqLYLdtrGqRf8mBPmzwSpWQ=="
        },
        "load-json-file": {
          "version": "4.0.0",
          "resolved": "https://registry.npmjs.org/load-json-file/-/load-json-file-4.0.0.tgz",
          "integrity": "sha1-L19Fq5HjMhYjT9U62rZo607AmTs="
        },
        "parse-json": {
          "version": "4.0.0",
          "resolved": "https://registry.npmjs.org/parse-json/-/parse-json-4.0.0.tgz",
          "integrity": "sha1-vjX1Qlvh9/bHRxhPmKeIy5lHfuA="
        },
        "path-type": {
          "version": "3.0.0",
          "resolved": "https://registry.npmjs.org/path-type/-/path-type-3.0.0.tgz",
          "integrity": "sha512-T2ZUsdZFHgA3u4e5PfPbjd7HDDpxPnQb5jN0SrDsjNSuVXHJqtwTnWqG0B1jZrgmJ/7lj1EmVIByWt1gxGkWvg=="
        },
        "pify": {
          "version": "3.0.0",
          "resolved": "https://registry.npmjs.org/pify/-/pify-3.0.0.tgz",
          "integrity": "sha1-5aSs0sEB/fPZpNB/DbxNtJ3SgXY="
        },
        "read-pkg": {
          "version": "3.0.0",
          "resolved": "https://registry.npmjs.org/read-pkg/-/read-pkg-3.0.0.tgz",
          "integrity": "sha1-nLxoaXj+5l0WwA4rGcI3/Pbjg4k="
        },
        "strip-bom": {
          "version": "3.0.0",
          "resolved": "https://registry.npmjs.org/strip-bom/-/strip-bom-3.0.0.tgz",
          "integrity": "sha1-IzTBjpx1n3vdVv3vfprj1YjmjtM="
        },
        "supports-color": {
          "version": "5.5.0",
          "resolved": "https://registry.npmjs.org/supports-color/-/supports-color-5.5.0.tgz",
          "integrity": "sha512-QjVjwdXIt408MIiAqCX4oUKsgU2EqAGzs2Ppkm4aQYbjm+ZEWEcW4SfFNTr4uMNZma0ey4f5lgLrkB0aX0QMow=="
        }
      }
    },
    "prop-types": {
      "version": "15.6.2",
      "resolved": "https://registry.npmjs.org/prop-types/-/prop-types-15.6.2.tgz",
      "integrity": "sha512-3pboPvLiWD7dkI3qf3KbUe6hKFKa52w+AE0VCqECtf+QHAKgOL37tTaNCnuX1nAAQ4ZhyP+kYVKf8rLmJ/feDQ=="
    },
    "react": {
      "version": "16.5.1",
      "resolved": "https://registry.npmjs.org/react/-/react-16.5.1.tgz",
      "integrity": "sha512-E+23+rbpPsJgSX812LQkwupUCFnbVE84+L8uxlkqN5MU0DcraWMlVf9cRvKCKtGu0XvScyRnW7Z+9d7ymkjy3A=="
    },
    "react-big-calendar": {
      "version": "0.23.0",
      "resolved": "https://registry.npmjs.org/react-big-calendar/-/react-big-calendar-0.23.0.tgz",
      "integrity": "sha512-f/v1J/oqvEJqXcT5clJ5wzFIWKRNUeMCvLLzH6PYszcR15mUgqQb31HH+2Ev+YZHVW3YSStcZn2HWEhmvFr9ew==",
      "dependencies": {
        "dom-helpers": {
          "version": "5.1.3",
          "resolved": "https://registry.npmjs.org/dom-helpers/-/dom-helpers-5.1.3.tgz",
          "integrity": "sha512-nZD1OtwfWGRBWlpANxacBEZrEuLa16o1nh7YopFWeoF68Zt8GGEmzHu6Xv4F3XaFIC+YXtTLrzgqKxFgLEe4jw=="
        }
      }
    },
    "react-bootstrap-sweetalert": {
      "version": "4.4.1",
      "resolved": "https://registry.npmjs.org/react-bootstrap-sweetalert/-/react-bootstrap-sweetalert-4.4.1.tgz",
      "integrity": "sha512-czUP6EPXb6GZopxxkixm+a5OaV+kbdxhFbsHaFNIF3l9jBypHCv29TrV8OOruAwrG+GpCmEd8LzzyYPZ0aL9TA=="
    },
    "react-bootstrap-table-next": {
      "version": "4.0.3",
      "resolved": "https://registry.npmjs.org/react-bootstrap-table-next/-/react-bootstrap-table-next-4.0.3.tgz",
      "integrity": "sha512-uKxC73qUdUfusRf2uzDfMiF9LvTG5vuhTZa0lbAgHWSLLLaKTsI0iHf1e4+c7gP71q8dFsp7StvkP65SxC1JRg==",
      "dependencies": {
        "dom-helpers": {
          "version": "5.1.4",
          "resolved": "https://registry.npmjs.org/dom-helpers/-/dom-helpers-5.1.4.tgz",
          "integrity": "sha512-TjMyeVUvNEnOnhzs6uAn9Ya47GmMo3qq7m+Lr/3ON0Rs5kHvb8I+SQYjLUSYn7qhEm0QjW0yrBkvz9yOrwwz1A==",
          "dependencies": {
            "@babel/runtime": {
              "version": "7.10.3",
              "resolved": "https://registry.npmjs.org/@babel/runtime/-/runtime-7.10.3.tgz",
              "integrity": "sha512-RzGO0RLSdokm9Ipe/YD+7ww8X2Ro79qiXZF3HU9ljrM+qnJmH1Vqth+hbiQZy761LnMJTMitHDuKVYTk3k4dLw=="
            }
          }
        },
        "react-transition-group": {
          "version": "4.4.1",
          "resolved": "https://registry.npmjs.org/react-transition-group/-/react-transition-group-4.4.1.tgz",
          "integrity": "sha512-Djqr7OQ2aPUiYurhPalTrVy9ddmFCCzwhqQmtN+J3+3DzLO209Fdr70QrN8Z3DsglWql6iY1lDWAfpFiBtuKGw=="
        },
        "regenerator-runtime": {
          "version": "0.13.5",
          "resolved": "https://registry.npmjs.org/regenerator-runtime/-/regenerator-runtime-0.13.5.tgz",
          "integrity": "sha512-ZS5w8CpKFinUzOwW3c83oPeVXoNsrLsaCoLtJvAClH135j/R77RuymhiSErhm2lKcwSCIpmvIWSbDkIfAqKQlA=="
        },
        "underscore": {
          "version": "1.9.1",
          "resolved": "https://registry.npmjs.org/underscore/-/underscore-1.9.1.tgz",
          "integrity": "sha512-5/4etnCkd9c8gwgowi5/om/mYO5ajCaOgdzj/oW+0eQV9WxKBDZw5+ycmKmeaTXjInS/W0BzpGLo2xR2aBwZdg=="
        }
      }
    },
    "react-bootstrap-table2-editor": {
      "version": "1.1.0",
      "resolved": "https://registry.npmjs.org/react-bootstrap-table2-editor/-/react-bootstrap-table2-editor-1.1.0.tgz",
      "integrity": "sha512-HCaezHe9rFvV3NVSpZI8ATsU2v0e9EZX+7oB1jeDNbVTp0LqfgA5IcSZFB+WPJjZPsnfTTI8fTcWJW5BSyLt4g=="
    },
    "react-bootstrap-table2-filter": {
      "version": "1.0.0",
      "resolved": "https://registry.npmjs.org/react-bootstrap-table2-filter/-/react-bootstrap-table2-filter-1.0.0.tgz",
      "integrity": "sha512-7F+8Q0csRGYj7dXQYuMbKGwd+xjv0f7Fw8X4vyyOOdY6posTn7+tFlAuqdm0OvEws1afBkMCzVr6Vo9CB0TyDg=="
    },
    "react-bootstrap-table2-overlay": {
      "version": "1.0.0",
      "resolved": "https://registry.npmjs.org/react-bootstrap-table2-overlay/-/react-bootstrap-table2-overlay-1.0.0.tgz",
      "integrity": "sha512-Ozr0N71S4QzTs1McAhsWOEOJslMi4P6ps5mVZjhI8S7iW0B8EcZx4TA2BdSOF+4hABeKwISFCRf7psXU4XW+nQ=="
    },
    "react-bootstrap-table2-paginator": {
      "version": "2.0.1",
      "resolved": "https://registry.npmjs.org/react-bootstrap-table2-paginator/-/react-bootstrap-table2-paginator-2.0.1.tgz",
      "integrity": "sha512-ibXlwrbZ1ZfH0lFZ8b6um2oMHCjex12kfeE+DlnI8trP+Vu9SvJzgIphOljaJLPJ5PgBUe5taLGMaTCUaCvDbA=="
    },
    "react-bootstrap-table2-toolkit": {
      "version": "1.1.1",
      "resolved": "https://registry.npmjs.org/react-bootstrap-table2-toolkit/-/react-bootstrap-table2-toolkit-1.1.1.tgz",
      "integrity": "sha512-8H+fb6/ChgM5BgMJ+nQrztKNkZ7l7Pk0PICt05B2IJNnnP01mo4z5ohdlM8jGpN9ER8UOEvNsLzNaxbGmhcqog=="
    },
    "react-chartjs-2": {
      "version": "2.7.4",
      "resolved": "https://registry.npmjs.org/react-chartjs-2/-/react-chartjs-2-2.7.4.tgz",
      "integrity": "sha512-lXTpBaDlk9rIMjRONjZd76dIUhEm3vOp2jOrJrsFG/UpFI5VqX8Xw83apVHTnUGJ968f8i/i/syLddls4NHy2g=="
    },
    "react-csv": {
      "version": "1.1.2",
      "resolved": "https://registry.npmjs.org/react-csv/-/react-csv-1.1.2.tgz",
      "integrity": "sha512-pTOTYntW+gQWzCxyEGfS5ZeOfQw4Mu3B+DJd4jrJKNuAWFQ+EEyF2Earfg0+FVEkPwMr62OLtbYCHmc6vQWj2w=="
    },
    "react-datepicker": {
      "version": "1.6.0",
      "resolved": "https://registry.npmjs.org/react-datepicker/-/react-datepicker-1.6.0.tgz",
      "integrity": "sha512-wfFfw3Tn+CCTtP7PPPhSAfkfVT3UTifFb8BmuhtwWKK3g4S83EEPRQE18XFtxd22dKGqp336NVtDTTyUJ1p9+g==",
      "dependencies": {
        "react-popper": {
          "version": "0.9.5",
          "resolved": "https://registry.npmjs.org/react-popper/-/react-popper-0.9.5.tgz",
          "integrity": "sha1-AqJO8+7DOvnlToNYq3DrDjMe3QU="
        }
      }
    },
    "react-dom": {
      "version": "16.5.1",
      "resolved": "https://registry.npmjs.org/react-dom/-/react-dom-16.5.1.tgz",
      "integrity": "sha512-l4L9GtX7ezgnDIIr6AaNvGBM4BiK0fSs4/V8bdsu9X6xqrtHr+jp6auT0hbHpN7bH9WRvDBZceWQ9WJ3lGCIvQ=="
    },
    "react-image-lightbox": {
      "version": "5.1.0",
      "resolved": "https://registry.npmjs.org/react-image-lightbox/-/react-image-lightbox-5.1.0.tgz",
      "integrity": "sha512-R46QvffoDBscLQgTl4s3kFxVbnP7a+nIh7AXJNS0EXVeDaa6zKDKtIT+jFeEvs+F9oUHtZfenG1NHhTkO4hEOA=="
    },
    "react-intl": {
      "version": "2.7.1",
      "resolved": "https://registry.npmjs.org/react-intl/-/react-intl-2.7.1.tgz",
      "integrity": "sha512-Ndk0i04dSplBivA0/fELd8lMvIPuRizKC+F6s1EZ6jELvRKNcx9shWa8A1UIlTQfYSbys5huWCRgmylbW0e57A=="
    },
    "react-ladda": {
      "version": "6.0.0",
      "resolved": "https://registry.npmjs.org/react-ladda/-/react-ladda-6.0.0.tgz",
      "integrity": "sha512-wBs0nebPF+t2lXBCrBLT98FiNDoUY73CtOHHvcEZ7mCpnmfwjWUhGI44xIG+UAnyFgshIP58IPO5yy9Sk3uqqA=="
    },
    "react-loadable": {
      "version": "5.5.0",
      "resolved": "https://registry.npmjs.org/react-loadable/-/react-loadable-5.5.0.tgz",
      "integrity": "sha512-C8Aui0ZpMd4KokxRdVAm2bQtI03k2RMRNzOB+IipV3yxFTSVICv7WoUr5L9ALB5BmKO1iHgZtWM8EvYG83otdg=="
    },
    "react-pdf": {
      "version": "4.1.0",
      "resolved": "https://registry.npmjs.org/react-pdf/-/react-pdf-4.1.0.tgz",
      "integrity": "sha512-SYwkWc+vRQHfrpDls3DOgn4G+wT0mYGJRor20e28GPRW8VB+6o8WqZ4QZxsl50z+dKM7UscXFnK/02eN3NXi2g=="
    },
    "react-router-config": {
      "version": "1.0.0-beta.4",
      "resolved": "https://registry.npmjs.org/react-router-config/-/react-router-config-1.0.0-beta.4.tgz",
      "integrity": "sha512-4jWfQK+PNAYeMU7dZ5h/dNDTReVjm41p761+XP+II360Jz5TfzHiuP27tAasIQ+JcGWwX2l2dCWG8jEmcS5SBA=="
    },
    "react-router-dom": {
      "version": "4.3.1",
      "resolved": "https://registry.npmjs.org/react-router-dom/-/react-router-dom-4.3.1.tgz",
      "integrity": "sha512-c/MlywfxDdCp7EnB7YfPMOfMD3tOtIjrQlj/CKfNMBxdmpJP8xcz5P/UAFn3JbnQCNUxsHyVVqllF9LhgVyFCA=="
    },
    "react-scripts": {
      "version": "1.1.5",
      "resolved": "https://registry.npmjs.org/react-scripts/-/react-scripts-1.1.5.tgz",
      "integrity": "sha512-ZXqnbg+kLRaacAkjuedMFTgKu9lNltMDDsuwn37CTV7X2tuZQmDKi08eI3LYvtpjqh5vm8/6BhwHRHkRtvMyJg==",
      "dev": true,
      "dependencies": {
        "babel-jest": {
          "version": "20.0.3",
          "resolved": "https://registry.npmjs.org/babel-jest/-/babel-jest-20.0.3.tgz",
          "integrity": "sha1-5KA7E9wQOJ4UD8ZF0J/8TO0wFnE="
        },
        "babel-plugin-jest-hoist": {
          "version": "20.0.3",
          "resolved": "https://registry.npmjs.org/babel-plugin-jest-hoist/-/babel-plugin-jest-hoist-20.0.3.tgz",
          "integrity": "sha1-r+3IU70/jcNUjqZx++adA8wsF2c="
        },
        "babel-preset-jest": {
          "version": "20.0.3",
          "resolved": "https://registry.npmjs.org/babel-preset-jest/-/babel-preset-jest-20.0.3.tgz",
          "integrity": "sha1-y6yq3stdaJyh4d4TYOv8ZoYsF4o="
        }
      }
    },
    "react-spinkit": {
      "version": "3.0.0",
      "resolved": "https://registry.npmjs.org/react-spinkit/-/react-spinkit-3.0.0.tgz",
      "integrity": "sha1-Mf2vThgXd2bFfRsfMzApD4SSqFo="
    },
    "react-test-renderer": {
      "version": "16.5.1",
      "resolved": "https://registry.npmjs.org/react-test-renderer/-/react-test-renderer-16.5.1.tgz",
      "integrity": "sha512-NOOtwdN5DNGFqsOyU4zqO2+N82wBt7Z5gNOW+ZY/Aui1K/ohmW7uqd5yUW6UYN0Y64Ci/m9CbwrytTHYIMIWtQ=="
    },
    "react-toastify": {
      "version": "4.4.1",
      "resolved": "https://registry.npmjs.org/react-toastify/-/react-toastify-4.4.1.tgz",
      "integrity": "sha512-m/1oZXy+oT5wkRS+P/8v7q/9L/2KJIeRZOLiMXuOHdZf92RWf468WEzeq3Ymf2miHjvQ7rHv23hE9nhgPf1AZA=="
    },
    "reactstrap": {
      "version": "6.4.0",
      "resolved": "https://registry.npmjs.org/reactstrap/-/reactstrap-6.4.0.tgz",
      "integrity": "sha512-+O0pnbsheW4i6wE96KlSpIhbnZM9EJv0XUYVuFbzLElRp33WrMKvX9YTgGgJQEqHLCJYYdJBi+fGm/hTwTfsCQ=="
    },
    "save": {
      "version": "2.4.0",
      "resolved": "https://registry.npmjs.org/save/-/save-2.4.0.tgz",
      "integrity": "sha512-wd5L2uVnsKYkIUaK6i8Ie66IOHaI328gMF0MPuTJtYOjXgUolC33LSIk7Qr8WVA55QHaGwfiVS8a7EFIeGOR3w==",
      "dependencies": {
        "async": {
          "version": "2.6.3",
          "resolved": "https://registry.npmjs.org/async/-/async-2.6.3.tgz",
          "integrity": "sha512-zflvls11DCy+dQWzTW2dzuilv8Z5X/pjfmZOWba6TNIVDm+2UDaJmXSOXlasHKfNBs8oo3M0aT50fDEWfKZjXg=="
        },
        "event-stream": {
          "version": "4.0.1",
          "resolved": "https://registry.npmjs.org/event-stream/-/event-stream-4.0.1.tgz",
          "integrity": "sha512-qACXdu/9VHPBzcyhdOWR5/IahhGMf0roTeZJfzz077GwylcDd90yOHLouhmv7GJ5XzPi6ekaQWd8AvPP2nOvpA=="
        },
        "lodash": {
          "version": "4.17.15",
          "resolved": "https://registry.npmjs.org/lodash/-/lodash-4.17.15.tgz",
          "integrity": "sha512-8xOcRHvCjnocdS5cpwXQXVzmmh5e5+saE2QGoeQmbKmRS6J3VQppPOIt0MnmE+4xlZoumy0GPG0D0MVIQbNA1A=="
        }
      }
    },
    "simple-line-icons": {
      "version": "2.4.1",
      "resolved": "https://registry.npmjs.org/simple-line-icons/-/simple-line-icons-2.4.1.tgz",
      "integrity": "sha1-t1vFoNh+UwkowszaVzUnS7JW8jQ="
    },
    "sweetalert2": {
      "version": "7.33.1",
      "resolved": "https://registry.npmjs.org/sweetalert2/-/sweetalert2-7.33.1.tgz",
      "integrity": "sha512-69KYtyhtxejFG0HDb8aVhAwbpAWPSTZwaL5vxDHgojErD2KeFxTmRgmkbiLtMC8UdTFXRmvTPtZTF4459MUb7w=="
    },
    "sweetalert2-react-content": {
      "version": "1.0.1",
      "resolved": "https://registry.npmjs.org/sweetalert2-react-content/-/sweetalert2-react-content-1.0.1.tgz",
      "integrity": "sha512-wZxDGbF24jzNXGsr3hjkSa5wQlhgq4wOPPZShe4RMujGdDuPtniodQGZOW2Tn38dzpgXSZ4/sb7++zxwueberw=="
    }
  }
}
